
Microsoft Visual Studio Solution File, Format Version 12.00
# Visual Studio Version 16
VisualStudioVersion = 16.0.29609.76
MinimumVisualStudioVersion = 10.0.40219.1
Project("{FAE04EC0-301F-11D3-BF4B-00C04F79EFBC}") = "CRUD.DAL", "CRUD.DAL\CRUD.DAL.csproj", "{C7E10540-8509-4A19-B295-CDE79540A498}"
EndProject
Project("{FAE04EC0-301F-11D3-BF4B-00C04F79EFBC}") = "CRUD.UI", "CRUD.UI\CRUD.UI.csproj", "{ABA584E7-B15D-4F40-A821-F887CBA67FBB}"
EndProject
Project("{FAE04EC0-301F-11D3-BF4B-00C04F79EFBC}") = "CRUD.BLL", "CRUD.BLL\CRUD.BLL.csproj", "{273944AA-196A-413F-B713-4AF82023DD44}"
EndProject
Global
	GlobalSection(SolutionConfigurationPlatforms) = preSolution
		Debug|Any CPU = Debug|Any CPU
		Release|Any CPU = Release|Any CPU
	EndGlobalSection
	GlobalSection(ProjectConfigurationPlatforms) = postSolution
		{C7E10540-8509-4A19-B295-CDE79540A498}.Debug|Any CPU.ActiveCfg = Debug|Any CPU
		{C7E10540-8509-4A19-B295-CDE79540A498}.Debug|Any CPU.Build.0 = Debug|Any CPU
		{C7E10540-8509-4A19-B295-CDE79540A498}.Release|Any CPU.ActiveCfg = Release|Any CPU
		{C7E10540-8509-4A19-B295-CDE79540A498}.Release|Any CPU.Build.0 = Release|Any CPU
		{ABA584E7-B15D-4F40-A821-F887CBA67FBB}.Debug|Any CPU.ActiveCfg = Debug|Any CPU
		{ABA584E7-B15D-4F40-A821-F887CBA67FBB}.Debug|Any CPU.Build.0 = Debug|Any CPU
		{ABA584E7-B15D-4F40-A821-F887CBA67FBB}.Release|Any CPU.ActiveCfg = Release|Any CPU
		{ABA584E7-B15D-4F40-A821-F887CBA67FBB}.Release|Any CPU.Build.0 = Release|Any CPU
		{273944AA-196A-413F-B713-4AF82023DD44}.Debug|Any CPU.ActiveCfg = Debug|Any CPU
		{273944AA-196A-413F-B713-4AF82023DD44}.Debug|Any CPU.Build.0 = Debug|Any CPU
		{273944AA-196A-413F-B713-4AF82023DD44}.Release|Any CPU.ActiveCfg = Release|Any CPU
		{273944AA-196A-413F-B713-4AF82023DD44}.Release|Any CPU.Build.0 = Release|Any CPU
	EndGlobalSection
	GlobalSection(SolutionProperties) = preSolution
		HideSolutionNode = FALSE
	EndGlobalSection
	GlobalSection(ExtensibilityGlobals) = postSolution
		SolutionGuid = {3464B7A5-E129-4F63-A0B8-57944B809E44}
	EndGlobalSection
EndGlobal
